
Microsoft Visual Studio Solution File, Format Version 12.00
# Visual Studio 2012
Project("{FAE04EC0-301F-11D3-BF4B-00C04F79EFBC}") = "PPTController", "PPTControler\PPTController.csproj", "{2DEA0586-D8DD-45B0-A04E-BF1DFC1020F8}"
EndProject
Global
	GlobalSection(TeamFoundationVersionControl) = preSolution
		SccNumberOfProjects = 2
		SccEnterpriseProvider = {4CA58AB2-18FA-4F8D-95D4-32DDF27D184C}
		SccTeamFoundationServer = https://wangpengzheng.visualstudio.com/DefaultCollection
		SccLocalPath0 = .
		SccProjectUniqueName1 = PPTControler\\PPTController.csproj
		SccProjectName1 = PPTControler
		SccLocalPath1 = PPTControler
	EndGlobalSection
	GlobalSection(SolutionConfigurationPlatforms) = preSolution
		Debug|Any CPU = Debug|Any CPU
		Debug|ARM = Debug|ARM
		Debug|x86 = Debug|x86
		Release|Any CPU = Release|Any CPU
		Release|ARM = Release|ARM
		Release|x86 = Release|x86
	EndGlobalSection
	GlobalSection(ProjectConfigurationPlatforms) = postSolution
		{2DEA0586-D8DD-45B0-A04E-BF1DFC1020F8}.Debug|Any CPU.ActiveCfg = Debug|Any CPU
		{2DEA0586-D8DD-45B0-A04E-BF1DFC1020F8}.Debug|Any CPU.Build.0 = Debug|Any CPU
		{2DEA0586-D8DD-45B0-A04E-BF1DFC1020F8}.Debug|Any CPU.Deploy.0 = Debug|Any CPU
		{2DEA0586-D8DD-45B0-A04E-BF1DFC1020F8}.Debug|ARM.ActiveCfg = Debug|ARM
		{2DEA0586-D8DD-45B0-A04E-BF1DFC1020F8}.Debug|ARM.Build.0 = Debug|ARM
		{2DEA0586-D8DD-45B0-A04E-BF1DFC1020F8}.Debug|ARM.Deploy.0 = Debug|ARM
		{2DEA0586-D8DD-45B0-A04E-BF1DFC1020F8}.Debug|x86.ActiveCfg = Debug|x86
		{2DEA0586-D8DD-45B0-A04E-BF1DFC1020F8}.Debug|x86.Build.0 = Debug|x86
		{2DEA0586-D8DD-45B0-A04E-BF1DFC1020F8}.Debug|x86.Deploy.0 = Debug|x86
		{2DEA0586-D8DD-45B0-A04E-BF1DFC1020F8}.Release|Any CPU.ActiveCfg = Release|Any CPU
		{2DEA0586-D8DD-45B0-A04E-BF1DFC1020F8}.Release|Any CPU.Build.0 = Release|Any CPU
		{2DEA0586-D8DD-45B0-A04E-BF1DFC1020F8}.Release|Any CPU.Deploy.0 = Release|Any CPU
		{2DEA0586-D8DD-45B0-A04E-BF1DFC1020F8}.Release|ARM.ActiveCfg = Release|ARM
		{2DEA0586-D8DD-45B0-A04E-BF1DFC1020F8}.Release|ARM.Build.0 = Release|ARM
		{2DEA0586-D8DD-45B0-A04E-BF1DFC1020F8}.Release|ARM.Deploy.0 = Release|ARM
		{2DEA0586-D8DD-45B0-A04E-BF1DFC1020F8}.Release|x86.ActiveCfg = Release|x86
		{2DEA0586-D8DD-45B0-A04E-BF1DFC1020F8}.Release|x86.Build.0 = Release|x86
		{2DEA0586-D8DD-45B0-A04E-BF1DFC1020F8}.Release|x86.Deploy.0 = Release|x86
	EndGlobalSection
	GlobalSection(SolutionProperties) = preSolution
		HideSolutionNode = FALSE
	EndGlobalSection
EndGlobal
